
Microsoft Visual Studio Solution File, Format Version 12.00
# Visual Studio Version 17
VisualStudioVersion = 17.0.31903.59
MinimumVisualStudioVersion = 10.0.40219.1
Project("{2150E333-8FDC-42A3-9474-1A3956D46DE8}") = "samples", "samples", "{56575440-B495-4DA2-A48E-9CE41CEB8639}"
EndProject
Project("{FAE04EC0-301F-11D3-BF4B-00C04F79EFBC}") = "PrimitivesSample", "samples\PrimitivesSample\PrimitivesSample.csproj", "{51E15D00-434C-4437-BF60-ADD52BC1370A}"
EndProject
Project("{FAE04EC0-301F-11D3-BF4B-00C04F79EFBC}") = "ShapeRendering", "samples\ShapeRendering\ShapeRendering.csproj", "{EDFCBB4A-1EF7-474E-BB69-A59CF42CA2A1}"
EndProject
Project("{FAE04EC0-301F-11D3-BF4B-00C04F79EFBC}") = "Primitives3D", "samples\Primitives3D\Primitives3D.csproj", "{B4036F30-90AE-41A6-A0C4-FB50D7C275CE}"
EndProject
Project("{FAE04EC0-301F-11D3-BF4B-00C04F79EFBC}") = "RectangleCollision", "samples\RectangleCollision\RectangleCollision.csproj", "{96D045FD-E242-4E7A-AB30-0357FC5DB58B}"
EndProject
Global
	GlobalSection(SolutionConfigurationPlatforms) = preSolution
		Debug|Any CPU = Debug|Any CPU
		Release|Any CPU = Release|Any CPU
	EndGlobalSection
	GlobalSection(SolutionProperties) = preSolution
		HideSolutionNode = FALSE
	EndGlobalSection
	GlobalSection(ProjectConfigurationPlatforms) = postSolution
		{51E15D00-434C-4437-BF60-ADD52BC1370A}.Debug|Any CPU.ActiveCfg = Debug|Any CPU
		{51E15D00-434C-4437-BF60-ADD52BC1370A}.Debug|Any CPU.Build.0 = Debug|Any CPU
		{51E15D00-434C-4437-BF60-ADD52BC1370A}.Release|Any CPU.ActiveCfg = Release|Any CPU
		{51E15D00-434C-4437-BF60-ADD52BC1370A}.Release|Any CPU.Build.0 = Release|Any CPU
		{EDFCBB4A-1EF7-474E-BB69-A59CF42CA2A1}.Debug|Any CPU.ActiveCfg = Debug|Any CPU
		{EDFCBB4A-1EF7-474E-BB69-A59CF42CA2A1}.Debug|Any CPU.Build.0 = Debug|Any CPU
		{EDFCBB4A-1EF7-474E-BB69-A59CF42CA2A1}.Release|Any CPU.ActiveCfg = Release|Any CPU
		{EDFCBB4A-1EF7-474E-BB69-A59CF42CA2A1}.Release|Any CPU.Build.0 = Release|Any CPU
		{B4036F30-90AE-41A6-A0C4-FB50D7C275CE}.Debug|Any CPU.ActiveCfg = Debug|Any CPU
		{B4036F30-90AE-41A6-A0C4-FB50D7C275CE}.Debug|Any CPU.Build.0 = Debug|Any CPU
		{B4036F30-90AE-41A6-A0C4-FB50D7C275CE}.Release|Any CPU.ActiveCfg = Release|Any CPU
		{B4036F30-90AE-41A6-A0C4-FB50D7C275CE}.Release|Any CPU.Build.0 = Release|Any CPU
		{96D045FD-E242-4E7A-AB30-0357FC5DB58B}.Debug|Any CPU.ActiveCfg = Debug|Any CPU
		{96D045FD-E242-4E7A-AB30-0357FC5DB58B}.Debug|Any CPU.Build.0 = Debug|Any CPU
		{96D045FD-E242-4E7A-AB30-0357FC5DB58B}.Release|Any CPU.ActiveCfg = Release|Any CPU
		{96D045FD-E242-4E7A-AB30-0357FC5DB58B}.Release|Any CPU.Build.0 = Release|Any CPU
	EndGlobalSection
	GlobalSection(NestedProjects) = preSolution
		{51E15D00-434C-4437-BF60-ADD52BC1370A} = {56575440-B495-4DA2-A48E-9CE41CEB8639}
		{EDFCBB4A-1EF7-474E-BB69-A59CF42CA2A1} = {56575440-B495-4DA2-A48E-9CE41CEB8639}
		{B4036F30-90AE-41A6-A0C4-FB50D7C275CE} = {56575440-B495-4DA2-A48E-9CE41CEB8639}
		{96D045FD-E242-4E7A-AB30-0357FC5DB58B} = {56575440-B495-4DA2-A48E-9CE41CEB8639}
	EndGlobalSection
EndGlobal
