
Microsoft Visual Studio Solution File, Format Version 12.00
# Visual Studio Version 17
VisualStudioVersion = 17.0.31903.59
MinimumVisualStudioVersion = 10.0.40219.1
Project("{2150E333-8FDC-42A3-9474-1A3956D46DE8}") = "samples", "samples", "{56575440-B495-4DA2-A48E-9CE41CEB8639}"
EndProject
Project("{FAE04EC0-301F-11D3-BF4B-00C04F79EFBC}") = "PrimitivesSample", "samples\PrimitivesSample\PrimitivesSample.csproj", "{51E15D00-434C-4437-BF60-ADD52BC1370A}"
EndProject
Project("{FAE04EC0-301F-11D3-BF4B-00C04F79EFBC}") = "ShapeRendering", "samples\ShapeRendering\ShapeRendering.csproj", "{EDFCBB4A-1EF7-474E-BB69-A59CF42CA2A1}"
EndProject
Project("{FAE04EC0-301F-11D3-BF4B-00C04F79EFBC}") = "Primitives3D", "samples\Primitives3D\Primitives3D.csproj", "{B4036F30-90AE-41A6-A0C4-FB50D7C275CE}"
EndProject
Project("{FAE04EC0-301F-11D3-BF4B-00C04F79EFBC}") = "RectangleCollision", "samples\RectangleCollision\RectangleCollision.csproj", "{96D045FD-E242-4E7A-AB30-0357FC5DB58B}"
EndProject
Project("{FAE04EC0-301F-11D3-BF4B-00C04F79EFBC}") = "ColorReplacement", "samples\ColorReplacement\ColorReplacement.csproj", "{BA1BEE8C-83A1-4B93-9D0C-71EF76328B84}"
EndProject
Project("{FAE04EC0-301F-11D3-BF4B-00C04F79EFBC}") = "PerPixelCollision", "samples\PerPixelCollision\PerPixelCollision.csproj", "{FADC911A-58D0-4A26-B460-1D37010A677A}"
EndProject
Project("{FAE04EC0-301F-11D3-BF4B-00C04F79EFBC}") = "AimingSample", "samples\AimingSample\AimingSample.csproj", "{BCBCB820-5895-445E-BD5C-BBA15683673E}"
EndProject
Project("{FAE04EC0-301F-11D3-BF4B-00C04F79EFBC}") = "ContentManifestExtensions", "samples\ContentManifestExtensions\ContentManifestExtensions.csproj", "{0985E533-E199-4D1F-ACEA-7A35AE067EC3}"
EndProject
Project("{FAE04EC0-301F-11D3-BF4B-00C04F79EFBC}") = "GesturesSample", "samples\GesturesSample\GesturesSample.csproj", "{7F3DDCF2-94E7-4E2E-BD0D-2CFDDAE8E71D}"
EndProject
Project("{FAE04EC0-301F-11D3-BF4B-00C04F79EFBC}") = "SafeArea", "samples\SafeArea\SafeArea.csproj", "{1E8C70B5-537D-4056-90A8-F19E0AAE6BF4}"
EndProject
Project("{FAE04EC0-301F-11D3-BF4B-00C04F79EFBC}") = "LocalizationSample", "samples\LocalizationSample\LocalizationSample.csproj", "{2C9E4463-392E-4695-B330-0F433F99B109}"
EndProject
Project("{FAE04EC0-301F-11D3-BF4B-00C04F79EFBC}") = "SnowShovel", "samples\SnowShovel\SnowShovel.csproj", "{F62C2A2F-EF76-4A7D-A44D-6F292C6361E8}"
EndProject
Project("{FAE04EC0-301F-11D3-BF4B-00C04F79EFBC}") = "MicrophoneEcho", "samples\MicrophoneEcho\MicrophoneEcho.csproj", "{37BB6C55-0AFE-4A55-ABAC-732B3E517E55}"
EndProject
Project("{FAE04EC0-301F-11D3-BF4B-00C04F79EFBC}") = "Orientation", "samples\Orientation\Orientation.csproj", "{B0F24384-6627-4161-9681-041D4E9214C5}"
EndProject
Project("{FAE04EC0-301F-11D3-BF4B-00C04F79EFBC}") = "ChaseAndEvade", "samples\ChaseAndEvade\ChaseAndEvade.csproj", "{2F437312-79B6-4A6C-A72E-614C50A6D914}"
EndProject
Project("{FAE04EC0-301F-11D3-BF4B-00C04F79EFBC}") = "SpriteEffects", "samples\SpriteEffects\SpriteEffects.csproj", "{F56E591B-58B6-4CF0-82C0-396DAE5772C0}"
EndProject
Global
	GlobalSection(SolutionConfigurationPlatforms) = preSolution
		Debug|Any CPU = Debug|Any CPU
		Release|Any CPU = Release|Any CPU
	EndGlobalSection
	GlobalSection(SolutionProperties) = preSolution
		HideSolutionNode = FALSE
	EndGlobalSection
	GlobalSection(ProjectConfigurationPlatforms) = postSolution
		{51E15D00-434C-4437-BF60-ADD52BC1370A}.Debug|Any CPU.ActiveCfg = Debug|Any CPU
		{51E15D00-434C-4437-BF60-ADD52BC1370A}.Debug|Any CPU.Build.0 = Debug|Any CPU
		{51E15D00-434C-4437-BF60-ADD52BC1370A}.Release|Any CPU.ActiveCfg = Release|Any CPU
		{51E15D00-434C-4437-BF60-ADD52BC1370A}.Release|Any CPU.Build.0 = Release|Any CPU
		{EDFCBB4A-1EF7-474E-BB69-A59CF42CA2A1}.Debug|Any CPU.ActiveCfg = Debug|Any CPU
		{EDFCBB4A-1EF7-474E-BB69-A59CF42CA2A1}.Debug|Any CPU.Build.0 = Debug|Any CPU
		{EDFCBB4A-1EF7-474E-BB69-A59CF42CA2A1}.Release|Any CPU.ActiveCfg = Release|Any CPU
		{EDFCBB4A-1EF7-474E-BB69-A59CF42CA2A1}.Release|Any CPU.Build.0 = Release|Any CPU
		{B4036F30-90AE-41A6-A0C4-FB50D7C275CE}.Debug|Any CPU.ActiveCfg = Debug|Any CPU
		{B4036F30-90AE-41A6-A0C4-FB50D7C275CE}.Debug|Any CPU.Build.0 = Debug|Any CPU
		{B4036F30-90AE-41A6-A0C4-FB50D7C275CE}.Release|Any CPU.ActiveCfg = Release|Any CPU
		{B4036F30-90AE-41A6-A0C4-FB50D7C275CE}.Release|Any CPU.Build.0 = Release|Any CPU
		{96D045FD-E242-4E7A-AB30-0357FC5DB58B}.Debug|Any CPU.ActiveCfg = Debug|Any CPU
		{96D045FD-E242-4E7A-AB30-0357FC5DB58B}.Debug|Any CPU.Build.0 = Debug|Any CPU
		{96D045FD-E242-4E7A-AB30-0357FC5DB58B}.Release|Any CPU.ActiveCfg = Release|Any CPU
		{96D045FD-E242-4E7A-AB30-0357FC5DB58B}.Release|Any CPU.Build.0 = Release|Any CPU
		{BA1BEE8C-83A1-4B93-9D0C-71EF76328B84}.Debug|Any CPU.ActiveCfg = Debug|Any CPU
		{BA1BEE8C-83A1-4B93-9D0C-71EF76328B84}.Debug|Any CPU.Build.0 = Debug|Any CPU
		{BA1BEE8C-83A1-4B93-9D0C-71EF76328B84}.Release|Any CPU.ActiveCfg = Release|Any CPU
		{BA1BEE8C-83A1-4B93-9D0C-71EF76328B84}.Release|Any CPU.Build.0 = Release|Any CPU
		{FADC911A-58D0-4A26-B460-1D37010A677A}.Debug|Any CPU.ActiveCfg = Debug|Any CPU
		{FADC911A-58D0-4A26-B460-1D37010A677A}.Debug|Any CPU.Build.0 = Debug|Any CPU
		{FADC911A-58D0-4A26-B460-1D37010A677A}.Release|Any CPU.ActiveCfg = Release|Any CPU
		{FADC911A-58D0-4A26-B460-1D37010A677A}.Release|Any CPU.Build.0 = Release|Any CPU
		{BCBCB820-5895-445E-BD5C-BBA15683673E}.Debug|Any CPU.ActiveCfg = Debug|Any CPU
		{BCBCB820-5895-445E-BD5C-BBA15683673E}.Debug|Any CPU.Build.0 = Debug|Any CPU
		{BCBCB820-5895-445E-BD5C-BBA15683673E}.Release|Any CPU.ActiveCfg = Release|Any CPU
		{BCBCB820-5895-445E-BD5C-BBA15683673E}.Release|Any CPU.Build.0 = Release|Any CPU
		{0985E533-E199-4D1F-ACEA-7A35AE067EC3}.Debug|Any CPU.ActiveCfg = Debug|Any CPU
		{0985E533-E199-4D1F-ACEA-7A35AE067EC3}.Debug|Any CPU.Build.0 = Debug|Any CPU
		{0985E533-E199-4D1F-ACEA-7A35AE067EC3}.Release|Any CPU.ActiveCfg = Release|Any CPU
		{0985E533-E199-4D1F-ACEA-7A35AE067EC3}.Release|Any CPU.Build.0 = Release|Any CPU
		{7F3DDCF2-94E7-4E2E-BD0D-2CFDDAE8E71D}.Debug|Any CPU.ActiveCfg = Debug|Any CPU
		{7F3DDCF2-94E7-4E2E-BD0D-2CFDDAE8E71D}.Debug|Any CPU.Build.0 = Debug|Any CPU
		{7F3DDCF2-94E7-4E2E-BD0D-2CFDDAE8E71D}.Release|Any CPU.ActiveCfg = Release|Any CPU
		{7F3DDCF2-94E7-4E2E-BD0D-2CFDDAE8E71D}.Release|Any CPU.Build.0 = Release|Any CPU
		{1E8C70B5-537D-4056-90A8-F19E0AAE6BF4}.Debug|Any CPU.ActiveCfg = Debug|Any CPU
		{1E8C70B5-537D-4056-90A8-F19E0AAE6BF4}.Debug|Any CPU.Build.0 = Debug|Any CPU
		{1E8C70B5-537D-4056-90A8-F19E0AAE6BF4}.Release|Any CPU.ActiveCfg = Release|Any CPU
		{1E8C70B5-537D-4056-90A8-F19E0AAE6BF4}.Release|Any CPU.Build.0 = Release|Any CPU
		{2C9E4463-392E-4695-B330-0F433F99B109}.Debug|Any CPU.ActiveCfg = Debug|Any CPU
		{2C9E4463-392E-4695-B330-0F433F99B109}.Debug|Any CPU.Build.0 = Debug|Any CPU
		{2C9E4463-392E-4695-B330-0F433F99B109}.Release|Any CPU.ActiveCfg = Release|Any CPU
		{2C9E4463-392E-4695-B330-0F433F99B109}.Release|Any CPU.Build.0 = Release|Any CPU
		{F62C2A2F-EF76-4A7D-A44D-6F292C6361E8}.Debug|Any CPU.ActiveCfg = Debug|Any CPU
		{F62C2A2F-EF76-4A7D-A44D-6F292C6361E8}.Debug|Any CPU.Build.0 = Debug|Any CPU
		{F62C2A2F-EF76-4A7D-A44D-6F292C6361E8}.Release|Any CPU.ActiveCfg = Release|Any CPU
		{F62C2A2F-EF76-4A7D-A44D-6F292C6361E8}.Release|Any CPU.Build.0 = Release|Any CPU
		{37BB6C55-0AFE-4A55-ABAC-732B3E517E55}.Debug|Any CPU.ActiveCfg = Debug|Any CPU
		{37BB6C55-0AFE-4A55-ABAC-732B3E517E55}.Debug|Any CPU.Build.0 = Debug|Any CPU
		{37BB6C55-0AFE-4A55-ABAC-732B3E517E55}.Release|Any CPU.ActiveCfg = Release|Any CPU
		{37BB6C55-0AFE-4A55-ABAC-732B3E517E55}.Release|Any CPU.Build.0 = Release|Any CPU
		{B0F24384-6627-4161-9681-041D4E9214C5}.Debug|Any CPU.ActiveCfg = Debug|Any CPU
		{B0F24384-6627-4161-9681-041D4E9214C5}.Debug|Any CPU.Build.0 = Debug|Any CPU
		{B0F24384-6627-4161-9681-041D4E9214C5}.Release|Any CPU.ActiveCfg = Release|Any CPU
		{B0F24384-6627-4161-9681-041D4E9214C5}.Release|Any CPU.Build.0 = Release|Any CPU
		{2F437312-79B6-4A6C-A72E-614C50A6D914}.Debug|Any CPU.ActiveCfg = Debug|Any CPU
		{2F437312-79B6-4A6C-A72E-614C50A6D914}.Debug|Any CPU.Build.0 = Debug|Any CPU
		{2F437312-79B6-4A6C-A72E-614C50A6D914}.Release|Any CPU.ActiveCfg = Release|Any CPU
		{2F437312-79B6-4A6C-A72E-614C50A6D914}.Release|Any CPU.Build.0 = Release|Any CPU
		{F56E591B-58B6-4CF0-82C0-396DAE5772C0}.Debug|Any CPU.ActiveCfg = Debug|Any CPU
		{F56E591B-58B6-4CF0-82C0-396DAE5772C0}.Debug|Any CPU.Build.0 = Debug|Any CPU
		{F56E591B-58B6-4CF0-82C0-396DAE5772C0}.Release|Any CPU.ActiveCfg = Release|Any CPU
		{F56E591B-58B6-4CF0-82C0-396DAE5772C0}.Release|Any CPU.Build.0 = Release|Any CPU
	EndGlobalSection
	GlobalSection(NestedProjects) = preSolution
		{51E15D00-434C-4437-BF60-ADD52BC1370A} = {56575440-B495-4DA2-A48E-9CE41CEB8639}
		{EDFCBB4A-1EF7-474E-BB69-A59CF42CA2A1} = {56575440-B495-4DA2-A48E-9CE41CEB8639}
		{B4036F30-90AE-41A6-A0C4-FB50D7C275CE} = {56575440-B495-4DA2-A48E-9CE41CEB8639}
		{96D045FD-E242-4E7A-AB30-0357FC5DB58B} = {56575440-B495-4DA2-A48E-9CE41CEB8639}
		{BA1BEE8C-83A1-4B93-9D0C-71EF76328B84} = {56575440-B495-4DA2-A48E-9CE41CEB8639}
		{FADC911A-58D0-4A26-B460-1D37010A677A} = {56575440-B495-4DA2-A48E-9CE41CEB8639}
		{BCBCB820-5895-445E-BD5C-BBA15683673E} = {56575440-B495-4DA2-A48E-9CE41CEB8639}
		{0985E533-E199-4D1F-ACEA-7A35AE067EC3} = {56575440-B495-4DA2-A48E-9CE41CEB8639}
		{7F3DDCF2-94E7-4E2E-BD0D-2CFDDAE8E71D} = {56575440-B495-4DA2-A48E-9CE41CEB8639}
		{1E8C70B5-537D-4056-90A8-F19E0AAE6BF4} = {56575440-B495-4DA2-A48E-9CE41CEB8639}
		{2C9E4463-392E-4695-B330-0F433F99B109} = {56575440-B495-4DA2-A48E-9CE41CEB8639}
		{F62C2A2F-EF76-4A7D-A44D-6F292C6361E8} = {56575440-B495-4DA2-A48E-9CE41CEB8639}
		{37BB6C55-0AFE-4A55-ABAC-732B3E517E55} = {56575440-B495-4DA2-A48E-9CE41CEB8639}
		{B0F24384-6627-4161-9681-041D4E9214C5} = {56575440-B495-4DA2-A48E-9CE41CEB8639}
		{2F437312-79B6-4A6C-A72E-614C50A6D914} = {56575440-B495-4DA2-A48E-9CE41CEB8639}
		{F56E591B-58B6-4CF0-82C0-396DAE5772C0} = {56575440-B495-4DA2-A48E-9CE41CEB8639}
	EndGlobalSection
EndGlobal
