
Microsoft Visual Studio Solution File, Format Version 12.00
# Visual Studio Version 17
VisualStudioVersion = 17.0.31903.59
MinimumVisualStudioVersion = 10.0.40219.1
Project("{2150E333-8FDC-42A3-9474-1A3956D46DE8}") = "samples", "samples", "{56575440-B495-4DA2-A48E-9CE41CEB8639}"
EndProject
Project("{FAE04EC0-301F-11D3-BF4B-00C04F79EFBC}") = "PrimitivesSample", "samples\PrimitivesSample\PrimitivesSample.csproj", "{51E15D00-434C-4437-BF60-ADD52BC1370A}"
EndProject
Project("{FAE04EC0-301F-11D3-BF4B-00C04F79EFBC}") = "ShapeRendering", "samples\ShapeRendering\ShapeRendering.csproj", "{EDFCBB4A-1EF7-474E-BB69-A59CF42CA2A1}"
EndProject
Project("{FAE04EC0-301F-11D3-BF4B-00C04F79EFBC}") = "Primitives3D", "samples\Primitives3D\Primitives3D.csproj", "{B4036F30-90AE-41A6-A0C4-FB50D7C275CE}"
EndProject
Project("{FAE04EC0-301F-11D3-BF4B-00C04F79EFBC}") = "RectangleCollision", "samples\RectangleCollision\RectangleCollision.csproj", "{96D045FD-E242-4E7A-AB30-0357FC5DB58B}"
EndProject
Project("{FAE04EC0-301F-11D3-BF4B-00C04F79EFBC}") = "ColorReplacement", "samples\ColorReplacement\ColorReplacement.csproj", "{BA1BEE8C-83A1-4B93-9D0C-71EF76328B84}"
EndProject
Project("{FAE04EC0-301F-11D3-BF4B-00C04F79EFBC}") = "PerPixelCollision", "samples\PerPixelCollision\PerPixelCollision.csproj", "{FADC911A-58D0-4A26-B460-1D37010A677A}"
EndProject
Project("{FAE04EC0-301F-11D3-BF4B-00C04F79EFBC}") = "AimingSample", "samples\AimingSample\AimingSample.csproj", "{BCBCB820-5895-445E-BD5C-BBA15683673E}"
EndProject
Project("{FAE04EC0-301F-11D3-BF4B-00C04F79EFBC}") = "ContentManifestExtensions", "samples\ContentManifestExtensions\ContentManifestExtensions.csproj", "{0985E533-E199-4D1F-ACEA-7A35AE067EC3}"
EndProject
Project("{FAE04EC0-301F-11D3-BF4B-00C04F79EFBC}") = "GesturesSample", "samples\GesturesSample\GesturesSample.csproj", "{7F3DDCF2-94E7-4E2E-BD0D-2CFDDAE8E71D}"
EndProject
Global
	GlobalSection(SolutionConfigurationPlatforms) = preSolution
		Debug|Any CPU = Debug|Any CPU
		Release|Any CPU = Release|Any CPU
	EndGlobalSection
	GlobalSection(SolutionProperties) = preSolution
		HideSolutionNode = FALSE
	EndGlobalSection
	GlobalSection(ProjectConfigurationPlatforms) = postSolution
		{51E15D00-434C-4437-BF60-ADD52BC1370A}.Debug|Any CPU.ActiveCfg = Debug|Any CPU
		{51E15D00-434C-4437-BF60-ADD52BC1370A}.Debug|Any CPU.Build.0 = Debug|Any CPU
		{51E15D00-434C-4437-BF60-ADD52BC1370A}.Release|Any CPU.ActiveCfg = Release|Any CPU
		{51E15D00-434C-4437-BF60-ADD52BC1370A}.Release|Any CPU.Build.0 = Release|Any CPU
		{EDFCBB4A-1EF7-474E-BB69-A59CF42CA2A1}.Debug|Any CPU.ActiveCfg = Debug|Any CPU
		{EDFCBB4A-1EF7-474E-BB69-A59CF42CA2A1}.Debug|Any CPU.Build.0 = Debug|Any CPU
		{EDFCBB4A-1EF7-474E-BB69-A59CF42CA2A1}.Release|Any CPU.ActiveCfg = Release|Any CPU
		{EDFCBB4A-1EF7-474E-BB69-A59CF42CA2A1}.Release|Any CPU.Build.0 = Release|Any CPU
		{B4036F30-90AE-41A6-A0C4-FB50D7C275CE}.Debug|Any CPU.ActiveCfg = Debug|Any CPU
		{B4036F30-90AE-41A6-A0C4-FB50D7C275CE}.Debug|Any CPU.Build.0 = Debug|Any CPU
		{B4036F30-90AE-41A6-A0C4-FB50D7C275CE}.Release|Any CPU.ActiveCfg = Release|Any CPU
		{B4036F30-90AE-41A6-A0C4-FB50D7C275CE}.Release|Any CPU.Build.0 = Release|Any CPU
		{96D045FD-E242-4E7A-AB30-0357FC5DB58B}.Debug|Any CPU.ActiveCfg = Debug|Any CPU
		{96D045FD-E242-4E7A-AB30-0357FC5DB58B}.Debug|Any CPU.Build.0 = Debug|Any CPU
		{96D045FD-E242-4E7A-AB30-0357FC5DB58B}.Release|Any CPU.ActiveCfg = Release|Any CPU
		{96D045FD-E242-4E7A-AB30-0357FC5DB58B}.Release|Any CPU.Build.0 = Release|Any CPU
		{BA1BEE8C-83A1-4B93-9D0C-71EF76328B84}.Debug|Any CPU.ActiveCfg = Debug|Any CPU
		{BA1BEE8C-83A1-4B93-9D0C-71EF76328B84}.Debug|Any CPU.Build.0 = Debug|Any CPU
		{BA1BEE8C-83A1-4B93-9D0C-71EF76328B84}.Release|Any CPU.ActiveCfg = Release|Any CPU
		{BA1BEE8C-83A1-4B93-9D0C-71EF76328B84}.Release|Any CPU.Build.0 = Release|Any CPU
		{FADC911A-58D0-4A26-B460-1D37010A677A}.Debug|Any CPU.ActiveCfg = Debug|Any CPU
		{FADC911A-58D0-4A26-B460-1D37010A677A}.Debug|Any CPU.Build.0 = Debug|Any CPU
		{FADC911A-58D0-4A26-B460-1D37010A677A}.Release|Any CPU.ActiveCfg = Release|Any CPU
		{FADC911A-58D0-4A26-B460-1D37010A677A}.Release|Any CPU.Build.0 = Release|Any CPU
		{BCBCB820-5895-445E-BD5C-BBA15683673E}.Debug|Any CPU.ActiveCfg = Debug|Any CPU
		{BCBCB820-5895-445E-BD5C-BBA15683673E}.Debug|Any CPU.Build.0 = Debug|Any CPU
		{BCBCB820-5895-445E-BD5C-BBA15683673E}.Release|Any CPU.ActiveCfg = Release|Any CPU
		{BCBCB820-5895-445E-BD5C-BBA15683673E}.Release|Any CPU.Build.0 = Release|Any CPU
		{0985E533-E199-4D1F-ACEA-7A35AE067EC3}.Debug|Any CPU.ActiveCfg = Debug|Any CPU
		{0985E533-E199-4D1F-ACEA-7A35AE067EC3}.Debug|Any CPU.Build.0 = Debug|Any CPU
		{0985E533-E199-4D1F-ACEA-7A35AE067EC3}.Release|Any CPU.ActiveCfg = Release|Any CPU
		{0985E533-E199-4D1F-ACEA-7A35AE067EC3}.Release|Any CPU.Build.0 = Release|Any CPU
		{7F3DDCF2-94E7-4E2E-BD0D-2CFDDAE8E71D}.Debug|Any CPU.ActiveCfg = Debug|Any CPU
		{7F3DDCF2-94E7-4E2E-BD0D-2CFDDAE8E71D}.Debug|Any CPU.Build.0 = Debug|Any CPU
		{7F3DDCF2-94E7-4E2E-BD0D-2CFDDAE8E71D}.Release|Any CPU.ActiveCfg = Release|Any CPU
		{7F3DDCF2-94E7-4E2E-BD0D-2CFDDAE8E71D}.Release|Any CPU.Build.0 = Release|Any CPU
	EndGlobalSection
	GlobalSection(NestedProjects) = preSolution
		{51E15D00-434C-4437-BF60-ADD52BC1370A} = {56575440-B495-4DA2-A48E-9CE41CEB8639}
		{EDFCBB4A-1EF7-474E-BB69-A59CF42CA2A1} = {56575440-B495-4DA2-A48E-9CE41CEB8639}
		{B4036F30-90AE-41A6-A0C4-FB50D7C275CE} = {56575440-B495-4DA2-A48E-9CE41CEB8639}
		{96D045FD-E242-4E7A-AB30-0357FC5DB58B} = {56575440-B495-4DA2-A48E-9CE41CEB8639}
		{BA1BEE8C-83A1-4B93-9D0C-71EF76328B84} = {56575440-B495-4DA2-A48E-9CE41CEB8639}
		{FADC911A-58D0-4A26-B460-1D37010A677A} = {56575440-B495-4DA2-A48E-9CE41CEB8639}
		{BCBCB820-5895-445E-BD5C-BBA15683673E} = {56575440-B495-4DA2-A48E-9CE41CEB8639}
		{0985E533-E199-4D1F-ACEA-7A35AE067EC3} = {56575440-B495-4DA2-A48E-9CE41CEB8639}
		{7F3DDCF2-94E7-4E2E-BD0D-2CFDDAE8E71D} = {56575440-B495-4DA2-A48E-9CE41CEB8639}
	EndGlobalSection
EndGlobal
